
Microsoft Visual Studio Solution File, Format Version 12.00
# Visual Studio Version 17
VisualStudioVersion = 17.5.002.0
MinimumVisualStudioVersion = 10.0.40219.1
Project("{9A19103F-16F7-4668-BE54-9A1E7A4F7556}") = "DesafioFundamentos", "DesafioFundamentos\DesafioFundamentos.csproj", "{D2E8567C-5CA6-4A8D-A43C-2A90DBA02E87}"
EndProject
Global
	GlobalSection(SolutionConfigurationPlatforms) = preSolution
		Debug|Any CPU = Debug|Any CPU
		Release|Any CPU = Release|Any CPU
	EndGlobalSection
	GlobalSection(ProjectConfigurationPlatforms) = postSolution
		{D2E8567C-5CA6-4A8D-A43C-2A90DBA02E87}.Debug|Any CPU.ActiveCfg = Debug|Any CPU
		{D2E8567C-5CA6-4A8D-A43C-2A90DBA02E87}.Debug|Any CPU.Build.0 = Debug|Any CPU
		{D2E8567C-5CA6-4A8D-A43C-2A90DBA02E87}.Release|Any CPU.ActiveCfg = Release|Any CPU
		{D2E8567C-5CA6-4A8D-A43C-2A90DBA02E87}.Release|Any CPU.Build.0 = Release|Any CPU
	EndGlobalSection
	GlobalSection(SolutionProperties) = preSolution
		HideSolutionNode = FALSE
	EndGlobalSection
	GlobalSection(ExtensibilityGlobals) = postSolution
		SolutionGuid = {6BD8E9A6-9886-4D45-B5FD-B2CD73E0A265}
	EndGlobalSection
EndGlobal
